// !$*UTF8*$!
{
	archiveVersion = 1;
	classes = {
	};
	objectVersion = 46;
	objects = {

/* Begin PBXBuildFile section */
		98055AE41AB0D7FD006DA93B /* AppDelegate.swift in Sources */ = {isa = PBXBuildFile; fileRef = 98055AE31AB0D7FD006DA93B /* AppDelegate.swift */; };
		98055AE61AB0D7FD006DA93B /* ViewController.swift in Sources */ = {isa = PBXBuildFile; fileRef = 98055AE51AB0D7FD006DA93B /* ViewController.swift */; };
		98055AE91AB0D7FD006DA93B /* Main.storyboard in Resources */ = {isa = PBXBuildFile; fileRef = 98055AE71AB0D7FD006DA93B /* Main.storyboard */; };
		98055AEB1AB0D7FD006DA93B /* Images.xcassets in Resources */ = {isa = PBXBuildFile; fileRef = 98055AEA1AB0D7FD006DA93B /* Images.xcassets */; };
		98055AEE1AB0D7FD006DA93B /* LaunchScreen.xib in Resources */ = {isa = PBXBuildFile; fileRef = 98055AEC1AB0D7FD006DA93B /* LaunchScreen.xib */; };
		98055AFA1AB0D7FD006DA93B /* stopWatchAppTests.swift in Sources */ = {isa = PBXBuildFile; fileRef = 98055AF91AB0D7FD006DA93B /* stopWatchAppTests.swift */; };
/* End PBXBuildFile section */

/* Begin PBXContainerItemProxy section */
		98055AF41AB0D7FD006DA93B /* PBXContainerItemProxy */ = {
			isa = PBXContainerItemProxy;
			containerPortal = 98055AD61AB0D7FC006DA93B /* Project object */;
			proxyType = 1;
			remoteGlobalIDString = 98055ADD1AB0D7FD006DA93B;
			remoteInfo = stopWatchApp;
		};
/* End PBXContainerItemProxy section */

/* Begin PBXFileReference section */
		98055ADE1AB0D7FD006DA93B /* stopWatchApp.app */ = {isa = PBXFileReference; explicitFileType = wrapper.application; includeInIndex = 0; path = stopWatchApp.app; sourceTree = BUILT_PRODUCTS_DIR; };
		98055AE21AB0D7FD006DA93B /* Info.plist */ = {isa = PBXFileReference; lastKnownFileType = text.plist.xml; path = Info.plist; sourceTree = "<group>"; };
		98055AE31AB0D7FD006DA93B /* AppDelegate.swift */ = {isa = PBXFileReference; lastKnownFileType = sourcecode.swift; path = AppDelegate.swift; sourceTree = "<group>"; };
		98055AE51AB0D7FD006DA93B /* ViewController.swift */ = {isa = PBXFileReference; lastKnownFileType = sourcecode.swift; path = ViewController.swift; sourceTree = "<group>"; };
		98055AE81AB0D7FD006DA93B /* Base */ = {isa = PBXFileReference; lastKnownFileType = file.storyboard; name = Base; path = Base.lproj/Main.storyboard; sourceTree = "<group>"; };
		98055AEA1AB0D7FD006DA93B /* Images.xcassets */ = {isa = PBXFileReference; lastKnownFileType = folder.assetcatalog; path = Images.xcassets; sourceTree = "<group>"; };
		98055AED1AB0D7FD006DA93B /* Base */ = {isa = PBXFileReference; lastKnownFileType = file.xib; name = Base; path = Base.lproj/LaunchScreen.xib; sourceTree = "<group>"; };
		98055AF31AB0D7FD006DA93B /* stopWatchAppTests.xctest */ = {isa = PBXFileReference; explicitFileType = wrapper.cfbundle; includeInIndex = 0; path = stopWatchAppTests.xctest; sourceTree = BUILT_PRODUCTS_DIR; };
		98055AF81AB0D7FD006DA93B /* Info.plist */ = {isa = PBXFileReference; lastKnownFileType = text.plist.xml; path = Info.plist; sourceTree = "<group>"; };
		98055AF91AB0D7FD006DA93B /* stopWatchAppTests.swift */ = {isa = PBXFileReference; lastKnownFileType = sourcecode.swift; path = stopWatchAppTests.swift; sourceTree = "<group>"; };
/* End PBXFileReference section */

/* Begin PBXFrameworksBuildPhase section */
		98055ADB1AB0D7FD006DA93B /* Frameworks */ = {
			isa = PBXFrameworksBuildPhase;
			buildActionMask = 2147483647;
			files = (
			);
			runOnlyForDeploymentPostprocessing = 0;
		};
		98055AF01AB0D7FD006DA93B /* Frameworks */ = {
			isa = PBXFrameworksBuildPhase;
			buildActionMask = 2147483647;
			files = (
			);
			runOnlyForDeploymentPostprocessing = 0;
		};
/* End PBXFrameworksBuildPhase section */

/* Begin PBXGroup section */
		98055AD51AB0D7FC006DA93B = {
			isa = PBXGroup;
			children = (
				98055AE01AB0D7FD006DA93B /* stopWatchApp */,
				98055AF61AB0D7FD006DA93B /* stopWatchAppTests */,
				98055ADF1AB0D7FD006DA93B /* Products */,
			);
			sourceTree = "<group>";
		};
		98055ADF1AB0D7FD006DA93B /* Products */ = {
			isa = PBXGroup;
			children = (
				98055ADE1AB0D7FD006DA93B /* stopWatchApp.app */,
				98055AF31AB0D7FD006DA93B /* stopWatchAppTests.xctest */,
			);
			name = Products;
			sourceTree = "<group>";
		};
		98055AE01AB0D7FD006DA93B /* stopWatchApp */ = {
			isa = PBXGroup;
			children = (
				98055AE31AB0D7FD006DA93B /* AppDelegate.swift */,
				98055AE51AB0D7FD006DA93B /* ViewController.swift */,
				98055AE71AB0D7FD006DA93B /* Main.storyboard */,
				98055AEA1AB0D7FD006DA93B /* Images.xcassets */,
				98055AEC1AB0D7FD006DA93B /* LaunchScreen.xib */,
				98055AE11AB0D7FD006DA93B /* Supporting Files */,
			);
			path = stopWatchApp;
			sourceTree = "<group>";
		};
		98055AE11AB0D7FD006DA93B /* Supporting Files */ = {
			isa = PBXGroup;
			children = (
				98055AE21AB0D7FD006DA93B /* Info.plist */,
			);
			name = "Supporting Files";
			sourceTree = "<group>";
		};
		98055AF61AB0D7FD006DA93B /* stopWatchAppTests */ = {
			isa = PBXGroup;
			children = (
				98055AF91AB0D7FD006DA93B /* stopWatchAppTests.swift */,
				98055AF71AB0D7FD006DA93B /* Supporting Files */,
			);
			path = stopWatchAppTests;
			sourceTree = "<group>";
		};
		98055AF71AB0D7FD006DA93B /* Supporting Files */ = {
			isa = PBXGroup;
			children = (
				98055AF81AB0D7FD006DA93B /* Info.plist */,
			);
			name = "Supporting Files";
			sourceTree = "<group>";
		};
/* End PBXGroup section */

/* Begin PBXNativeTarget section */
		98055ADD1AB0D7FD006DA93B /* stopWatchApp */ = {
			isa = PBXNativeTarget;
			buildConfigurationList = 98055AFD1AB0D7FD006DA93B /* Build configuration list for PBXNativeTarget "stopWatchApp" */;
			buildPhases = (
				98055ADA1AB0D7FD006DA93B /* Sources */,
				98055ADB1AB0D7FD006DA93B /* Frameworks */,
				98055ADC1AB0D7FD006DA93B /* Resources */,
			);
			buildRules = (
			);
			dependencies = (
			);
			name = stopWatchApp;
			productName = stopWatchApp;
			productReference = 98055ADE1AB0D7FD006DA93B /* stopWatchApp.app */;
			productType = "com.apple.product-type.application";
		};
		98055AF21AB0D7FD006DA93B /* stopWatchAppTests */ = {
			isa = PBXNativeTarget;
			buildConfigurationList = 98055B001AB0D7FD006DA93B /* Build configuration list for PBXNativeTarget "stopWatchAppTests" */;
			buildPhases = (
				98055AEF1AB0D7FD006DA93B /* Sources */,
				98055AF01AB0D7FD006DA93B /* Frameworks */,
				98055AF11AB0D7FD006DA93B /* Resources */,
			);
			buildRules = (
			);
			dependencies = (
				98055AF51AB0D7FD006DA93B /* PBXTargetDependency */,
			);
			name = stopWatchAppTests;
			productName = stopWatchAppTests;
			productReference = 98055AF31AB0D7FD006DA93B /* stopWatchAppTests.xctest */;
			productType = "com.apple.product-type.bundle.unit-test";
		};
/* End PBXNativeTarget section */

/* Begin PBXProject section */
		98055AD61AB0D7FC006DA93B /* Project object */ = {
			isa = PBXProject;
			attributes = {
				LastUpgradeCheck = 0610;
				ORGANIZATIONNAME = "Yuki Futagami";
				TargetAttributes = {
					98055ADD1AB0D7FD006DA93B = {
						CreatedOnToolsVersion = 6.1.1;
					};
					98055AF21AB0D7FD006DA93B = {
						CreatedOnToolsVersion = 6.1.1;
						TestTargetID = 98055ADD1AB0D7FD006DA93B;
					};
				};
			};
			buildConfigurationList = 98055AD91AB0D7FD006DA93B /* Build configuration list for PBXProject "stopWatchApp" */;
			compatibilityVersion = "Xcode 3.2";
			developmentRegion = English;
			hasScannedForEncodings = 0;
			knownRegions = (
				en,
				Base,
			);
			mainGroup = 98055AD51AB0D7FC006DA93B;
			productRefGroup = 98055ADF1AB0D7FD006DA93B /* Products */;
			projectDirPath = "";
			projectRoot = "";
			targets = (
				98055ADD1AB0D7FD006DA93B /* stopWatchApp */,
				98055AF21AB0D7FD006DA93B /* stopWatchAppTests */,
			);
		};
/* End PBXProject section */

/* Begin PBXResourcesBuildPhase section */
		98055ADC1AB0D7FD006DA93B /* Resources */ = {
			isa = PBXResourcesBuildPhase;
			buildActionMask = 2147483647;
			files = (
				98055AE91AB0D7FD006DA93B /* Main.storyboard in Resources */,
				98055AEE1AB0D7FD006DA93B /* LaunchScreen.xib in Resources */,
				98055AEB1AB0D7FD006DA93B /* Images.xcassets in Resources */,
			);
			runOnlyForDeploymentPostprocessing = 0;
		};
		98055AF11AB0D7FD006DA93B /* Resources */ = {
			isa = PBXResourcesBuildPhase;
			buildActionMask = 2147483647;
			files = (
			);
			runOnlyForDeploymentPostprocessing = 0;
		};
/* End PBXResourcesBuildPhase section */

/* Begin PBXSourcesBuildPhase section */
		98055ADA1AB0D7FD006DA93B /* Sources */ = {
			isa = PBXSourcesBuildPhase;
			buildActionMask = 2147483647;
			files = (
				98055AE61AB0D7FD006DA93B /* ViewController.swift in Sources */,
				98055AE41AB0D7FD006DA93B /* AppDelegate.swift in Sources */,
			);
			runOnlyForDeploymentPostprocessing = 0;
		};
		98055AEF1AB0D7FD006DA93B /* Sources */ = {
			isa = PBXSourcesBuildPhase;
			buildActionMask = 2147483647;
			files = (
				98055AFA1AB0D7FD006DA93B /* stopWatchAppTests.swift in Sources */,
			);
			runOnlyForDeploymentPostprocessing = 0;
		};
/* End PBXSourcesBuildPhase section */

/* Begin PBXTargetDependency section */
		98055AF51AB0D7FD006DA93B /* PBXTargetDependency */ = {
			isa = PBXTargetDependency;
			target = 98055ADD1AB0D7FD006DA93B /* stopWatchApp */;
			targetProxy = 98055AF41AB0D7FD006DA93B /* PBXContainerItemProxy */;
		};
/* End PBXTargetDependency section */

/* Begin PBXVariantGroup section */
		98055AE71AB0D7FD006DA93B /* Main.storyboard */ = {
			isa = PBXVariantGroup;
			children = (
				98055AE81AB0D7FD006DA93B /* Base */,
			);
			name = Main.storyboard;
			sourceTree = "<group>";
		};
		98055AEC1AB0D7FD006DA93B /* LaunchScreen.xib */ = {
			isa = PBXVariantGroup;
			children = (
				98055AED1AB0D7FD006DA93B /* Base */,
			);
			name = LaunchScreen.xib;
			sourceTree = "<group>";
		};
/* End PBXVariantGroup section */

/* Begin XCBuildConfiguration section */
		98055AFB1AB0D7FD006DA93B /* Debug */ = {
			isa = XCBuildConfiguration;
			buildSettings = {
				ALWAYS_SEARCH_USER_PATHS = NO;
				CLANG_CXX_LANGUAGE_STANDARD = "gnu++0x";
				CLANG_CXX_LIBRARY = "libc++";
				CLANG_ENABLE_MODULES = YES;
				CLANG_ENABLE_OBJC_ARC = YES;
				CLANG_WARN_BOOL_CONVERSION = YES;
				CLANG_WARN_CONSTANT_CONVERSION = YES;
				CLANG_WARN_DIRECT_OBJC_ISA_USAGE = YES_ERROR;
				CLANG_WARN_EMPTY_BODY = YES;
				CLANG_WARN_ENUM_CONVERSION = YES;
				CLANG_WARN_INT_CONVERSION = YES;
				CLANG_WARN_OBJC_ROOT_CLASS = YES_ERROR;
				CLANG_WARN_UNREACHABLE_CODE = YES;
				CLANG_WARN__DUPLICATE_METHOD_MATCH = YES;
				"CODE_SIGN_IDENTITY[sdk=iphoneos*]" = "iPhone Developer";
				COPY_PHASE_STRIP = NO;
				ENABLE_STRICT_OBJC_MSGSEND = YES;
				GCC_C_LANGUAGE_STANDARD = gnu99;
				GCC_DYNAMIC_NO_PIC = NO;
				GCC_OPTIMIZATION_LEVEL = 0;
				GCC_PREPROCESSOR_DEFINITIONS = (
					"DEBUG=1",
					"$(inherited)",
				);
				GCC_SYMBOLS_PRIVATE_EXTERN = NO;
				GCC_WARN_64_TO_32_BIT_CONVERSION = YES;
				GCC_WARN_ABOUT_RETURN_TYPE = YES_ERROR;
				GCC_WARN_UNDECLARED_SELECTOR = YES;
				GCC_WARN_UNINITIALIZED_AUTOS = YES_AGGRESSIVE;
				GCC_WARN_UNUSED_FUNCTION = YES;
				GCC_WARN_UNUSED_VARIABLE = YES;
				IPHONEOS_DEPLOYMENT_TARGET = 8.1;
				MTL_ENABLE_DEBUG_INFO = YES;
				ONLY_ACTIVE_ARCH = YES;
				SDKROOT = iphoneos;
				SWIFT_OPTIMIZATION_LEVEL = "-Onone";
				TARGETED_DEVICE_FAMILY = "1,2";
			};
			name = Debug;
		};
		98055AFC1AB0D7FD006DA93B /* Release */ = {
			isa = XCBuildConfiguration;
			buildSettings = {
				ALWAYS_SEARCH_USER_PATHS = NO;
				CLANG_CXX_LANGUAGE_STANDARD = "gnu++0x";
				CLANG_CXX_LIBRARY = "libc++";
				CLANG_ENABLE_MODULES = YES;
				CLANG_ENABLE_OBJC_ARC = YES;
				CLANG_WARN_BOOL_CONVERSION = YES;
				CLANG_WARN_CONSTANT_CONVERSION = YES;
				CLANG_WARN_DIRECT_OBJC_ISA_USAGE = YES_ERROR;
				CLANG_WARN_EMPTY_BODY = YES;
				CLANG_WARN_ENUM_CONVERSION = YES;
				CLANG_WARN_INT_CONVERSION = YES;
				CLANG_WARN_OBJC_ROOT_CLASS = YES_ERROR;
				CLANG_WARN_UNREACHABLE_CODE = YES;
				CLANG_WARN__DUPLICATE_METHOD_MATCH = YES;
				"CODE_SIGN_IDENTITY[sdk=iphoneos*]" = "iPhone Developer";
				COPY_PHASE_STRIP = YES;
				ENABLE_NS_ASSERTIONS = NO;
				ENABLE_STRICT_OBJC_MSGSEND = YES;
				GCC_C_LANGUAGE_STANDARD = gnu99;
				GCC_WARN_64_TO_32_BIT_CONVERSION = YES;
				GCC_WARN_ABOUT_RETURN_TYPE = YES_ERROR;
				GCC_WARN_UNDECLARED_SELECTOR = YES;
				GCC_WARN_UNINITIALIZED_AUTOS = YES_AGGRESSIVE;
				GCC_WARN_UNUSED_FUNCTION = YES;
				GCC_WARN_UNUSED_VARIABLE = YES;
				IPHONEOS_DEPLOYMENT_TARGET = 8.1;
				MTL_ENABLE_DEBUG_INFO = NO;
				SDKROOT = iphoneos;
				TARGETED_DEVICE_FAMILY = "1,2";
				VALIDATE_PRODUCT = YES;
			};
			name = Release;
		};
		98055AFE1AB0D7FD006DA93B /* Debug */ = {
			isa = XCBuildConfiguration;
			buildSettings = {
				ASSETCATALOG_COMPILER_APPICON_NAME = AppIcon;
				INFOPLIST_FILE = stopWatchApp/Info.plist;
				LD_RUNPATH_SEARCH_PATHS = "$(inherited) @executable_path/Frameworks";
				PRODUCT_NAME = "$(TARGET_NAME)";
			};
			name = Debug;
		};
		98055AFF1AB0D7FD006DA93B /* Release */ = {
			isa = XCBuildConfiguration;
			buildSettings = {
				ASSETCATALOG_COMPILER_APPICON_NAME = AppIcon;
				INFOPLIST_FILE = stopWatchApp/Info.plist;
				LD_RUNPATH_SEARCH_PATHS = "$(inherited) @executable_path/Frameworks";
				PRODUCT_NAME = "$(TARGET_NAME)";
			};
			name = Release;
		};
		98055B011AB0D7FD006DA93B /* Debug */ = {
			isa = XCBuildConfiguration;
			buildSettings = {
				BUNDLE_LOADER = "$(TEST_HOST)";
				FRAMEWORK_SEARCH_PATHS = (
					"$(SDKROOT)/Developer/Library/Frameworks",
					"$(inherited)",
				);
				GCC_PREPROCESSOR_DEFINITIONS = (
					"DEBUG=1",
					"$(inherited)",
				);
				INFOPLIST_FILE = stopWatchAppTests/Info.plist;
				LD_RUNPATH_SEARCH_PATHS = "$(inherited) @executable_path/Frameworks @loader_path/Frameworks";
				PRODUCT_NAME = "$(TARGET_NAME)";
				TEST_HOST = "$(BUILT_PRODUCTS_DIR)/stopWatchApp.app/stopWatchApp";
			};
			name = Debug;
		};
		98055B021AB0D7FD006DA93B /* Release */ = {
			isa = XCBuildConfiguration;
			buildSettings = {
				BUNDLE_LOADER = "$(TEST_HOST)";
				FRAMEWORK_SEARCH_PATHS = (
					"$(SDKROOT)/Developer/Library/Frameworks",
					"$(inherited)",
				);
				INFOPLIST_FILE = stopWatchAppTests/Info.plist;
				LD_RUNPATH_SEARCH_PATHS = "$(inherited) @executable_path/Frameworks @loader_path/Frameworks";
				PRODUCT_NAME = "$(TARGET_NAME)";
				TEST_HOST = "$(BUILT_PRODUCTS_DIR)/stopWatchApp.app/stopWatchApp";
			};
			name = Release;
		};
/* End XCBuildConfiguration section */

/* Begin XCConfigurationList section */
		98055AD91AB0D7FD006DA93B /* Build configuration list for PBXProject "stopWatchApp" */ = {
			isa = XCConfigurationList;
			buildConfigurations = (
				98055AFB1AB0D7FD006DA93B /* Debug */,
				98055AFC1AB0D7FD006DA93B /* Release */,
			);
			defaultConfigurationIsVisible = 0;
			defaultConfigurationName = Release;
		};
		98055AFD1AB0D7FD006DA93B /* Build configuration list for PBXNativeTarget "stopWatchApp" */ = {
			isa = XCConfigurationList;
			buildConfigurations = (
				98055AFE1AB0D7FD006DA93B /* Debug */,
				98055AFF1AB0D7FD006DA93B /* Release */,
			);
			defaultConfigurationIsVisible = 0;
		};
		98055B001AB0D7FD006DA93B /* Build configuration list for PBXNativeTarget "stopWatchAppTests" */ = {
			isa = XCConfigurationList;
			buildConfigurations = (
				98055B011AB0D7FD006DA93B /* Debug */,
				98055B021AB0D7FD006DA93B /* Release */,
			);
			defaultConfigurationIsVisible = 0;
		};
/* End XCConfigurationList section */
	};
	rootObject = 98055AD61AB0D7FC006DA93B /* Project object */;
}
